Microsoft Visual Studio Solution File, Format Version 12.00
# Visual Studio Version 17
VisualStudioVersion = 17.5.2.0
MinimumVisualStudioVersion = 10.0.40219.1
Project("{FAE04EC0-301F-11D3-BF4B-00C04F79EFBC}") = "CollabQuiz", "CollabQuiz.csproj", "{75AB0E84-B685-292C-1B3C-5E83B837A1C7}"
EndProject
Global
	GlobalSection(SolutionConfigurationPlatforms) = preSolution
		Debug|Any CPU = Debug|Any CPU
		Release|Any CPU = Release|Any CPU
	EndGlobalSection
	GlobalSection(ProjectConfigurationPlatforms) = postSolution
		{75AB0E84-B685-292C-1B3C-5E83B837A1C7}.Debug|Any CPU.ActiveCfg = Debug|Any CPU
		{75AB0E84-B685-292C-1B3C-5E83B837A1C7}.Debug|Any CPU.Build.0 = Debug|Any CPU
		{75AB0E84-B685-292C-1B3C-5E83B837A1C7}.Release|Any CPU.ActiveCfg = Release|Any CPU
		{75AB0E84-B685-292C-1B3C-5E83B837A1C7}.Release|Any CPU.Build.0 = Release|Any CPU
	EndGlobalSection
	GlobalSection(SolutionProperties) = preSolution
		HideSolutionNode = FALSE
	EndGlobalSection
	GlobalSection(ExtensibilityGlobals) = postSolution
		SolutionGuid = {4DC25BE7-EE62-4992-959B-27D5AD61EAFD}
	EndGlobalSection
EndGlobal
